<?xml version="1.0" encoding="utf-8"?>
<Project ToolsVersion="4.0" xmlns="http://schemas.microsoft.com/developer/msbuild/2003">
  <ItemGroup>
    <Filter Include="Public">
      <UniqueIdentifier>{93995380-89BD-4b04-88EB-625FBE52EBFB}</UniqueIdentifier>
      <Extensions>h;hh;hpp;hxx;h++;hm;inl;inc;ipp;xsd</Extensions>
    </Filter>
    <Filter Include="Private">
      <UniqueIdentifier>{809589aa-688e-4d5a-a2ed-797f9edcc579}</UniqueIdentifier>
    </Filter>
    <Filter Include="Scripts">
      <UniqueIdentifier>{0cda1801-dddf-4889-b127-18e1dfbf7aa2}</UniqueIdentifier>
    </Filter>
    <Filter Include="Resources">
      <UniqueIdentifier>{e8a8eef9-f136-4930-8d8a-feb471b4cb8a}</UniqueIdentifier>
    </Filter>
  </ItemGroup>
  <ItemGroup>
    <ClCompile Include="Private\Source.cpp">
      <Filter>Private</Filter>
    </ClCompile>
    <ClCompile Include="Private\MyApp.cpp">
      <Filter>Private</Filter>
    </ClCompile>
    <ClCompile Include="Private\Widget.cpp">
      <Filter>Private</Filter>
    </ClCompile>
    <ClCompile Include="Private\UIManager.cpp">
      <Filter>Private</Filter>
    </ClCompile>
    <ClCompile Include="Private\GraphView.cpp">
      <Filter>Private</Filter>
    </ClCompile>
    <ClCompile Include="Private\GraphNode.cpp">
      <Filter>Private</Filter>
    </ClCompile>
    <ClCompile Include="Private\UI_VerticalBox.cpp">
      <Filter>Private</Filter>
    </ClCompile>
    <ClCompile Include="Private\NGEditor.cpp">
      <Filter>Private</Filter>
    </ClCompile>
    <ClCompile Include="Private\UI_HorizontalBox.cpp">
      <Filter>Private</Filter>
    </ClCompile>
  </ItemGroup>
  <ItemGroup>
    <None Include="Resources\AppConfig.config">
      <Filter>Resources</Filter>
    </None>
    <None Include="Resources\Scripts\main.lua">
      <Filter>Scripts</Filter>
    </None>
  </ItemGroup>
  <ItemGroup>
    <ClInclude Include="Public\MyApp.h">
      <Filter>Public</Filter>
    </ClInclude>
    <ClInclude Include="Public\Widget.h">
      <Filter>Public</Filter>
    </ClInclude>
    <ClInclude Include="Public\UIManager.h">
      <Filter>Public</Filter>
    </ClInclude>
    <ClInclude Include="Public\GraphView.h">
      <Filter>Public</Filter>
    </ClInclude>
    <ClInclude Include="Public\GraphNode.h">
      <Filter>Public</Filter>
    </ClInclude>
    <ClInclude Include="Public\UI_VerticalBox.h">
      <Filter>Public</Filter>
    </ClInclude>
    <ClInclude Include="Public\NGEditor.h">
      <Filter>Public</Filter>
    </ClInclude>
    <ClInclude Include="Public\UI_HorizontalBox.h">
      <Filter>Public</Filter>
    </ClInclude>
  </ItemGroup>
</Project>